
Microsoft Visual Studio Solution File, Format Version 12.00
# Visual Studio Version 17
VisualStudioVersion = 17.9.34607.119
MinimumVisualStudioVersion = 10.0.40219.1
Project("{2150E333-8FDC-42A3-9474-1A3956D46DE8}") = "src", "src", "{BF27796C-01C0-403C-A003-84DF69725A4A}"
EndProject
Project("{2150E333-8FDC-42A3-9474-1A3956D46DE8}") = "test", "test", "{2F4CE87C-CFA9-4A27-9667-E7AF88AEF500}"
EndProject
Project("{9A19103F-16F7-4668-BE54-9A1E7A4F7556}") = "Dotnet.NumerosRomanos.Tests", "test\Dotnet.NumerosRomanos.Tests\Dotnet.NumerosRomanos.Tests.csproj", "{8DE7E6FC-5960-4A77-9B6D-C9ECA29C89D0}"
EndProject
Project("{9A19103F-16F7-4668-BE54-9A1E7A4F7556}") = "Dotnet.NumerosRomanos", "src\Dotnet.NumerosRomanos\Dotnet.NumerosRomanos.csproj", "{20E8B1BF-1AE3-42B1-B252-5132EDE1E01D}"
EndProject
Project("{9A19103F-16F7-4668-BE54-9A1E7A4F7556}") = "Dotnet.Empresa.Tests", "test\Dotnet.Empresa.Tests\Dotnet.Empresa.Tests.csproj", "{A9E515D3-C8D0-42F1-8C92-A72193B0557F}"
EndProject
Project("{9A19103F-16F7-4668-BE54-9A1E7A4F7556}") = "Dotnet.Empresa", "src\Dotnet.Empresa\Dotnet.Empresa.csproj", "{7C64D98C-B4B1-447D-A7DD-CE0A5148DE8B}"
EndProject
Project("{9A19103F-16F7-4668-BE54-9A1E7A4F7556}") = "Dotnet.LojaVirtual.Tests", "test\Dotnet.LojaVirtual.Tests\Dotnet.LojaVirtual.Tests.csproj", "{91C2BB66-1219-4F47-8F5E-8F5B71FB385C}"
EndProject
Project("{9A19103F-16F7-4668-BE54-9A1E7A4F7556}") = "Dotnet.LojaVirtual", "src\Dotnet.LojaVirtual\Dotnet.LojaVirtual.csproj", "{76E86623-32A1-4DB5-8E91-65AB91A8F474}"
EndProject
Project("{9A19103F-16F7-4668-BE54-9A1E7A4F7556}") = "Dotnet.Corretora", "src\Dotnet.Corretora\Dotnet.Corretora.csproj", "{6C400CB0-1752-4631-BCC3-5D6A6114B8EA}"
EndProject
Project("{9A19103F-16F7-4668-BE54-9A1E7A4F7556}") = "Dotnet.Corretora.Tests", "test\Dotnet.Corretora.Tests\Dotnet.Corretora.Tests.csproj", "{5337860F-92C9-4845-951B-5F3DC8BD447E}"
EndProject
Project("{9A19103F-16F7-4668-BE54-9A1E7A4F7556}") = "Dotnet.FormasGeometricas", "src\Dotnet.FormasGeometricas\Dotnet.FormasGeometricas.csproj", "{354232A1-4619-496D-83AB-6129880381BC}"
EndProject
Project("{9A19103F-16F7-4668-BE54-9A1E7A4F7556}") = "Dotnet.FormasGeometricas.Tests", "test\Dotnet.FormasGeometricas.Tests\Dotnet.FormasGeometricas.Tests.csproj", "{84E1E249-39B6-496F-AA17-E2928103B622}"
EndProject
Project("{9A19103F-16F7-4668-BE54-9A1E7A4F7556}") = "Dotnet.ListaDeConvidados", "src\Dotnet.ListaDeConvidados\Dotnet.ListaDeConvidados.csproj", "{45592FEB-152D-4D22-A6FF-BB2B5C9CE6BC}"
EndProject
Project("{9A19103F-16F7-4668-BE54-9A1E7A4F7556}") = "Dotnet.ListaDeConvidados.Tests", "test\Dotnet.ListaDeConvidados.Tests\Dotnet.ListaDeConvidados.Tests.csproj", "{C41E209B-101B-4965-A318-62A78CA4C558}"
EndProject
Global
	GlobalSection(SolutionConfigurationPlatforms) = preSolution
		Debug|Any CPU = Debug|Any CPU
		Release|Any CPU = Release|Any CPU
	EndGlobalSection
	GlobalSection(ProjectConfigurationPlatforms) = postSolution
		{8DE7E6FC-5960-4A77-9B6D-C9ECA29C89D0}.Debug|Any CPU.ActiveCfg = Debug|Any CPU
		{8DE7E6FC-5960-4A77-9B6D-C9ECA29C89D0}.Debug|Any CPU.Build.0 = Debug|Any CPU
		{8DE7E6FC-5960-4A77-9B6D-C9ECA29C89D0}.Release|Any CPU.ActiveCfg = Release|Any CPU
		{8DE7E6FC-5960-4A77-9B6D-C9ECA29C89D0}.Release|Any CPU.Build.0 = Release|Any CPU
		{20E8B1BF-1AE3-42B1-B252-5132EDE1E01D}.Debug|Any CPU.ActiveCfg = Debug|Any CPU
		{20E8B1BF-1AE3-42B1-B252-5132EDE1E01D}.Debug|Any CPU.Build.0 = Debug|Any CPU
		{20E8B1BF-1AE3-42B1-B252-5132EDE1E01D}.Release|Any CPU.ActiveCfg = Release|Any CPU
		{20E8B1BF-1AE3-42B1-B252-5132EDE1E01D}.Release|Any CPU.Build.0 = Release|Any CPU
		{A9E515D3-C8D0-42F1-8C92-A72193B0557F}.Debug|Any CPU.ActiveCfg = Debug|Any CPU
		{A9E515D3-C8D0-42F1-8C92-A72193B0557F}.Debug|Any CPU.Build.0 = Debug|Any CPU
		{A9E515D3-C8D0-42F1-8C92-A72193B0557F}.Release|Any CPU.ActiveCfg = Release|Any CPU
		{A9E515D3-C8D0-42F1-8C92-A72193B0557F}.Release|Any CPU.Build.0 = Release|Any CPU
		{7C64D98C-B4B1-447D-A7DD-CE0A5148DE8B}.Debug|Any CPU.ActiveCfg = Debug|Any CPU
		{7C64D98C-B4B1-447D-A7DD-CE0A5148DE8B}.Debug|Any CPU.Build.0 = Debug|Any CPU
		{7C64D98C-B4B1-447D-A7DD-CE0A5148DE8B}.Release|Any CPU.ActiveCfg = Release|Any CPU
		{7C64D98C-B4B1-447D-A7DD-CE0A5148DE8B}.Release|Any CPU.Build.0 = Release|Any CPU
		{91C2BB66-1219-4F47-8F5E-8F5B71FB385C}.Debug|Any CPU.ActiveCfg = Debug|Any CPU
		{91C2BB66-1219-4F47-8F5E-8F5B71FB385C}.Debug|Any CPU.Build.0 = Debug|Any CPU
		{91C2BB66-1219-4F47-8F5E-8F5B71FB385C}.Release|Any CPU.ActiveCfg = Release|Any CPU
		{91C2BB66-1219-4F47-8F5E-8F5B71FB385C}.Release|Any CPU.Build.0 = Release|Any CPU
		{76E86623-32A1-4DB5-8E91-65AB91A8F474}.Debug|Any CPU.ActiveCfg = Debug|Any CPU
		{76E86623-32A1-4DB5-8E91-65AB91A8F474}.Debug|Any CPU.Build.0 = Debug|Any CPU
		{76E86623-32A1-4DB5-8E91-65AB91A8F474}.Release|Any CPU.ActiveCfg = Release|Any CPU
		{76E86623-32A1-4DB5-8E91-65AB91A8F474}.Release|Any CPU.Build.0 = Release|Any CPU
		{6C400CB0-1752-4631-BCC3-5D6A6114B8EA}.Debug|Any CPU.ActiveCfg = Debug|Any CPU
		{6C400CB0-1752-4631-BCC3-5D6A6114B8EA}.Debug|Any CPU.Build.0 = Debug|Any CPU
		{6C400CB0-1752-4631-BCC3-5D6A6114B8EA}.Release|Any CPU.ActiveCfg = Release|Any CPU
		{6C400CB0-1752-4631-BCC3-5D6A6114B8EA}.Release|Any CPU.Build.0 = Release|Any CPU
		{5337860F-92C9-4845-951B-5F3DC8BD447E}.Debug|Any CPU.ActiveCfg = Debug|Any CPU
		{5337860F-92C9-4845-951B-5F3DC8BD447E}.Debug|Any CPU.Build.0 = Debug|Any CPU
		{5337860F-92C9-4845-951B-5F3DC8BD447E}.Release|Any CPU.ActiveCfg = Release|Any CPU
		{5337860F-92C9-4845-951B-5F3DC8BD447E}.Release|Any CPU.Build.0 = Release|Any CPU
		{354232A1-4619-496D-83AB-6129880381BC}.Debug|Any CPU.ActiveCfg = Debug|Any CPU
		{354232A1-4619-496D-83AB-6129880381BC}.Debug|Any CPU.Build.0 = Debug|Any CPU
		{354232A1-4619-496D-83AB-6129880381BC}.Release|Any CPU.ActiveCfg = Release|Any CPU
		{354232A1-4619-496D-83AB-6129880381BC}.Release|Any CPU.Build.0 = Release|Any CPU
		{84E1E249-39B6-496F-AA17-E2928103B622}.Debug|Any CPU.ActiveCfg = Debug|Any CPU
		{84E1E249-39B6-496F-AA17-E2928103B622}.Debug|Any CPU.Build.0 = Debug|Any CPU
		{84E1E249-39B6-496F-AA17-E2928103B622}.Release|Any CPU.ActiveCfg = Release|Any CPU
		{84E1E249-39B6-496F-AA17-E2928103B622}.Release|Any CPU.Build.0 = Release|Any CPU
		{45592FEB-152D-4D22-A6FF-BB2B5C9CE6BC}.Debug|Any CPU.ActiveCfg = Debug|Any CPU
		{45592FEB-152D-4D22-A6FF-BB2B5C9CE6BC}.Debug|Any CPU.Build.0 = Debug|Any CPU
		{45592FEB-152D-4D22-A6FF-BB2B5C9CE6BC}.Release|Any CPU.ActiveCfg = Release|Any CPU
		{45592FEB-152D-4D22-A6FF-BB2B5C9CE6BC}.Release|Any CPU.Build.0 = Release|Any CPU
		{C41E209B-101B-4965-A318-62A78CA4C558}.Debug|Any CPU.ActiveCfg = Debug|Any CPU
		{C41E209B-101B-4965-A318-62A78CA4C558}.Debug|Any CPU.Build.0 = Debug|Any CPU
		{C41E209B-101B-4965-A318-62A78CA4C558}.Release|Any CPU.ActiveCfg = Release|Any CPU
		{C41E209B-101B-4965-A318-62A78CA4C558}.Release|Any CPU.Build.0 = Release|Any CPU
	EndGlobalSection
	GlobalSection(SolutionProperties) = preSolution
		HideSolutionNode = FALSE
	EndGlobalSection
	GlobalSection(NestedProjects) = preSolution
		{8DE7E6FC-5960-4A77-9B6D-C9ECA29C89D0} = {2F4CE87C-CFA9-4A27-9667-E7AF88AEF500}
		{20E8B1BF-1AE3-42B1-B252-5132EDE1E01D} = {BF27796C-01C0-403C-A003-84DF69725A4A}
		{A9E515D3-C8D0-42F1-8C92-A72193B0557F} = {2F4CE87C-CFA9-4A27-9667-E7AF88AEF500}
		{7C64D98C-B4B1-447D-A7DD-CE0A5148DE8B} = {BF27796C-01C0-403C-A003-84DF69725A4A}
		{91C2BB66-1219-4F47-8F5E-8F5B71FB385C} = {2F4CE87C-CFA9-4A27-9667-E7AF88AEF500}
		{76E86623-32A1-4DB5-8E91-65AB91A8F474} = {BF27796C-01C0-403C-A003-84DF69725A4A}
		{6C400CB0-1752-4631-BCC3-5D6A6114B8EA} = {BF27796C-01C0-403C-A003-84DF69725A4A}
		{5337860F-92C9-4845-951B-5F3DC8BD447E} = {2F4CE87C-CFA9-4A27-9667-E7AF88AEF500}
		{354232A1-4619-496D-83AB-6129880381BC} = {BF27796C-01C0-403C-A003-84DF69725A4A}
		{84E1E249-39B6-496F-AA17-E2928103B622} = {2F4CE87C-CFA9-4A27-9667-E7AF88AEF500}
		{45592FEB-152D-4D22-A6FF-BB2B5C9CE6BC} = {BF27796C-01C0-403C-A003-84DF69725A4A}
		{C41E209B-101B-4965-A318-62A78CA4C558} = {2F4CE87C-CFA9-4A27-9667-E7AF88AEF500}
	EndGlobalSection
	GlobalSection(ExtensibilityGlobals) = postSolution
		SolutionGuid = {80DEECA8-BB65-47BA-983E-6CF08E182C82}
	EndGlobalSection
EndGlobal
